// !$*UTF8*$!
{
	archiveVersion = 1;
	classes = {
	};
	objectVersion = 55;
	objects = {

/* Begin PBXBuildFile section */
		220BA194279775790008E482 /* FirebaseManager.swift in Sources */ = {isa = PBXBuildFile; fileRef = 220BA193279775790008E482 /* FirebaseManager.swift */; };
		220BA19727977E430008E482 /* SDWebImageSwiftUI in Frameworks */ = {isa = PBXBuildFile; productRef = 220BA19627977E430008E482 /* SDWebImageSwiftUI */; };
		220BA19A2798A6E70008E482 /* ChatUser.swift in Sources */ = {isa = PBXBuildFile; fileRef = 220BA1992798A6E70008E482 /* ChatUser.swift */; };
		220BA1B7279A0C0E0008E482 /* CreateNewMessageView.swift in Sources */ = {isa = PBXBuildFile; fileRef = 220BA1B6279A0C0E0008E482 /* CreateNewMessageView.swift */; };
		221EB7F1279F52A2005F0A21 /* ChatLogView.swift in Sources */ = {isa = PBXBuildFile; fileRef = 221EB7F0279F52A1005F0A21 /* ChatLogView.swift */; };
		221EB7F327A1FEA2005F0A21 /* FirebaseConstants.swift in Sources */ = {isa = PBXBuildFile; fileRef = 221EB7F227A1FEA2005F0A21 /* FirebaseConstants.swift */; };
		221EB7F527A1FECD005F0A21 /* ChatMessage.swift in Sources */ = {isa = PBXBuildFile; fileRef = 221EB7F427A1FECD005F0A21 /* ChatMessage.swift */; };
		221EB7F827A34382005F0A21 /* FirebaseAuth in Frameworks */ = {isa = PBXBuildFile; productRef = 221EB7F727A34382005F0A21 /* FirebaseAuth */; };
		221EB7FA27A34382005F0A21 /* FirebaseFirestore in Frameworks */ = {isa = PBXBuildFile; productRef = 221EB7F927A34382005F0A21 /* FirebaseFirestore */; };
		221EB7FC27A34382005F0A21 /* FirebaseFirestoreSwift-Beta in Frameworks */ = {isa = PBXBuildFile; productRef = 221EB7FB27A34382005F0A21 /* FirebaseFirestoreSwift-Beta */; };
		221EB7FE27A34382005F0A21 /* FirebaseStorage in Frameworks */ = {isa = PBXBuildFile; productRef = 221EB7FD27A34382005F0A21 /* FirebaseStorage */; };
		221EB80027A358EE005F0A21 /* RecentMessage.swift in Sources */ = {isa = PBXBuildFile; fileRef = 221EB7FF27A358EE005F0A21 /* RecentMessage.swift */; };
		22F5D4642790CB2500E79555 /* FirebaseChatUIApp.swift in Sources */ = {isa = PBXBuildFile; fileRef = 22F5D4632790CB2500E79555 /* FirebaseChatUIApp.swift */; };
		22F5D4662790CB2500E79555 /* LoginView.swift in Sources */ = {isa = PBXBuildFile; fileRef = 22F5D4652790CB2500E79555 /* LoginView.swift */; };
		22F5D4682790CB2700E79555 /* Assets.xcassets in Resources */ = {isa = PBXBuildFile; fileRef = 22F5D4672790CB2700E79555 /* Assets.xcassets */; };
		22F5D46B2790CB2700E79555 /* Preview Assets.xcassets in Resources */ = {isa = PBXBuildFile; fileRef = 22F5D46A2790CB2700E79555 /* Preview Assets.xcassets */; };
		22F5D47727921A4800E79555 /* GoogleService-Info.plist in Resources */ = {isa = PBXBuildFile; fileRef = 22F5D47627921A4800E79555 /* GoogleService-Info.plist */; };
		22F5D47927922E7800E79555 /* ImagePicker.swift in Sources */ = {isa = PBXBuildFile; fileRef = 22F5D47827922E7700E79555 /* ImagePicker.swift */; };
		22F5D48C2796101B00E79555 /* MainMessagesView.swift in Sources */ = {isa = PBXBuildFile; fileRef = 22F5D48B2796101B00E79555 /* MainMessagesView.swift */; };
/* End PBXBuildFile section */

/* Begin PBXFileReference section */
		220BA193279775790008E482 /* FirebaseManager.swift */ = {isa = PBXFileReference; lastKnownFileType = sourcecode.swift; path = FirebaseManager.swift; sourceTree = "<group>"; };
		220BA1992798A6E70008E482 /* ChatUser.swift */ = {isa = PBXFileReference; lastKnownFileType = sourcecode.swift; path = ChatUser.swift; sourceTree = "<group>"; };
		220BA1B6279A0C0E0008E482 /* CreateNewMessageView.swift */ = {isa = PBXFileReference; lastKnownFileType = sourcecode.swift; path = CreateNewMessageView.swift; sourceTree = "<group>"; };
		221EB7F0279F52A1005F0A21 /* ChatLogView.swift */ = {isa = PBXFileReference; lastKnownFileType = sourcecode.swift; path = ChatLogView.swift; sourceTree = "<group>"; };
		221EB7F227A1FEA2005F0A21 /* FirebaseConstants.swift */ = {isa = PBXFileReference; lastKnownFileType = sourcecode.swift; path = FirebaseConstants.swift; sourceTree = "<group>"; };
		221EB7F427A1FECD005F0A21 /* ChatMessage.swift */ = {isa = PBXFileReference; lastKnownFileType = sourcecode.swift; path = ChatMessage.swift; sourceTree = "<group>"; };
		221EB7FF27A358EE005F0A21 /* RecentMessage.swift */ = {isa = PBXFileReference; lastKnownFileType = sourcecode.swift; path = RecentMessage.swift; sourceTree = "<group>"; };
		22F5D4602790CB2500E79555 /* FirebaseChatUI.app */ = {isa = PBXFileReference; explicitFileType = wrapper.application; includeInIndex = 0; path = FirebaseChatUI.app; sourceTree = BUILT_PRODUCTS_DIR; };
		22F5D4632790CB2500E79555 /* FirebaseChatUIApp.swift */ = {isa = PBXFileReference; lastKnownFileType = sourcecode.swift; path = FirebaseChatUIApp.swift; sourceTree = "<group>"; };
		22F5D4652790CB2500E79555 /* LoginView.swift */ = {isa = PBXFileReference; lastKnownFileType = sourcecode.swift; path = LoginView.swift; sourceTree = "<group>"; };
		22F5D4672790CB2700E79555 /* Assets.xcassets */ = {isa = PBXFileReference; lastKnownFileType = folder.assetcatalog; path = Assets.xcassets; sourceTree = "<group>"; };
		22F5D46A2790CB2700E79555 /* Preview Assets.xcassets */ = {isa = PBXFileReference; lastKnownFileType = folder.assetcatalog; path = "Preview Assets.xcassets"; sourceTree = "<group>"; };
		22F5D47627921A4800E79555 /* GoogleService-Info.plist */ = {isa = PBXFileReference; fileEncoding = 4; lastKnownFileType = text.plist.xml; path = "GoogleService-Info.plist"; sourceTree = "<group>"; };
		22F5D47827922E7700E79555 /* ImagePicker.swift */ = {isa = PBXFileReference; lastKnownFileType = sourcecode.swift; path = ImagePicker.swift; sourceTree = "<group>"; };
		22F5D48B2796101B00E79555 /* MainMessagesView.swift */ = {isa = PBXFileReference; lastKnownFileType = sourcecode.swift; path = MainMessagesView.swift; sourceTree = "<group>"; };
/* End PBXFileReference section */

/* Begin PBXFrameworksBuildPhase section */
		22F5D45D2790CB2500E79555 /* Frameworks */ = {
			isa = PBXFrameworksBuildPhase;
			buildActionMask = 2147483647;
			files = (
				220BA19727977E430008E482 /* SDWebImageSwiftUI in Frameworks */,
				221EB7FC27A34382005F0A21 /* FirebaseFirestoreSwift-Beta in Frameworks */,
				221EB7F827A34382005F0A21 /* FirebaseAuth in Frameworks */,
				221EB7FE27A34382005F0A21 /* FirebaseStorage in Frameworks */,
				221EB7FA27A34382005F0A21 /* FirebaseFirestore in Frameworks */,
			);
			runOnlyForDeploymentPostprocessing = 0;
		};
/* End PBXFrameworksBuildPhase section */

/* Begin PBXGroup section */
		220BA1922797755E0008E482 /* Utils */ = {
			isa = PBXGroup;
			children = (
				220BA193279775790008E482 /* FirebaseManager.swift */,
				221EB7F227A1FEA2005F0A21 /* FirebaseConstants.swift */,
			);
			path = Utils;
			sourceTree = "<group>";
		};
		220BA1982798A6CD0008E482 /* Model */ = {
			isa = PBXGroup;
			children = (
				220BA1992798A6E70008E482 /* ChatUser.swift */,
				221EB7F427A1FECD005F0A21 /* ChatMessage.swift */,
				221EB7FF27A358EE005F0A21 /* RecentMessage.swift */,
			);
			path = Model;
			sourceTree = "<group>";
		};
		220BA1B5279A0BE40008E482 /* NewMessage */ = {
			isa = PBXGroup;
			children = (
				220BA1B6279A0C0E0008E482 /* CreateNewMessageView.swift */,
			);
			path = NewMessage;
			sourceTree = "<group>";
		};
		221EB7EF279F5265005F0A21 /* Chat */ = {
			isa = PBXGroup;
			children = (
				221EB7F0279F52A1005F0A21 /* ChatLogView.swift */,
			);
			path = Chat;
			sourceTree = "<group>";
		};
		22F5D4572790CB2500E79555 = {
			isa = PBXGroup;
			children = (
				22F5D4622790CB2500E79555 /* FirebaseChatUI */,
				22F5D4612790CB2500E79555 /* Products */,
			);
			sourceTree = "<group>";
		};
		22F5D4612790CB2500E79555 /* Products */ = {
			isa = PBXGroup;
			children = (
				22F5D4602790CB2500E79555 /* FirebaseChatUI.app */,
			);
			name = Products;
			sourceTree = "<group>";
		};
		22F5D4622790CB2500E79555 /* FirebaseChatUI */ = {
			isa = PBXGroup;
			children = (
				220BA1982798A6CD0008E482 /* Model */,
				220BA1922797755E0008E482 /* Utils */,
				22F5D48827960FBA00E79555 /* MainMessages */,
				22F5D4632790CB2500E79555 /* FirebaseChatUIApp.swift */,
				22F5D4652790CB2500E79555 /* LoginView.swift */,
				22F5D47827922E7700E79555 /* ImagePicker.swift */,
				22F5D47627921A4800E79555 /* GoogleService-Info.plist */,
				22F5D4672790CB2700E79555 /* Assets.xcassets */,
				22F5D4692790CB2700E79555 /* Preview Content */,
			);
			path = FirebaseChatUI;
			sourceTree = "<group>";
		};
		22F5D4692790CB2700E79555 /* Preview Content */ = {
			isa = PBXGroup;
			children = (
				22F5D46A2790CB2700E79555 /* Preview Assets.xcassets */,
			);
			path = "Preview Content";
			sourceTree = "<group>";
		};
		22F5D48827960FBA00E79555 /* MainMessages */ = {
			isa = PBXGroup;
			children = (
				221EB7EF279F5265005F0A21 /* Chat */,
				220BA1B5279A0BE40008E482 /* NewMessage */,
				22F5D48B2796101B00E79555 /* MainMessagesView.swift */,
			);
			path = MainMessages;
			sourceTree = "<group>";
		};
/* End PBXGroup section */

/* Begin PBXNativeTarget section */
		22F5D45F2790CB2500E79555 /* FirebaseChatUI */ = {
			isa = PBXNativeTarget;
			buildConfigurationList = 22F5D46E2790CB2700E79555 /* Build configuration list for PBXNativeTarget "FirebaseChatUI" */;
			buildPhases = (
				22F5D45C2790CB2500E79555 /* Sources */,
				22F5D45D2790CB2500E79555 /* Frameworks */,
				22F5D45E2790CB2500E79555 /* Resources */,
			);
			buildRules = (
			);
			dependencies = (
			);
			name = FirebaseChatUI;
			packageProductDependencies = (
				220BA19627977E430008E482 /* SDWebImageSwiftUI */,
				221EB7F727A34382005F0A21 /* FirebaseAuth */,
				221EB7F927A34382005F0A21 /* FirebaseFirestore */,
				221EB7FB27A34382005F0A21 /* FirebaseFirestoreSwift-Beta */,
				221EB7FD27A34382005F0A21 /* FirebaseStorage */,
			);
			productName = FirebaseChatUI;
			productReference = 22F5D4602790CB2500E79555 /* FirebaseChatUI.app */;
			productType = "com.apple.product-type.application";
		};
/* End PBXNativeTarget section */

/* Begin PBXProject section */
		22F5D4582790CB2500E79555 /* Project object */ = {
			isa = PBXProject;
			attributes = {
				BuildIndependentTargetsInParallel = 1;
				LastSwiftUpdateCheck = 1320;
				LastUpgradeCheck = 1320;
				TargetAttributes = {
					22F5D45F2790CB2500E79555 = {
						CreatedOnToolsVersion = 13.2.1;
					};
				};
			};
			buildConfigurationList = 22F5D45B2790CB2500E79555 /* Build configuration list for PBXProject "FirebaseChatUI" */;
			compatibilityVersion = "Xcode 13.0";
			developmentRegion = en;
			hasScannedForEncodings = 0;
			knownRegions = (
				en,
				Base,
			);
			mainGroup = 22F5D4572790CB2500E79555;
			packageReferences = (
				220BA19527977E430008E482 /* XCRemoteSwiftPackageReference "SDWebImageSwiftUI" */,
				221EB7F627A34382005F0A21 /* XCRemoteSwiftPackageReference "firebase-ios-sdk" */,
			);
			productRefGroup = 22F5D4612790CB2500E79555 /* Products */;
			projectDirPath = "";
			projectRoot = "";
			targets = (
				22F5D45F2790CB2500E79555 /* FirebaseChatUI */,
			);
		};
/* End PBXProject section */

/* Begin PBXResourcesBuildPhase section */
		22F5D45E2790CB2500E79555 /* Resources */ = {
			isa = PBXResourcesBuildPhase;
			buildActionMask = 2147483647;
			files = (
				22F5D46B2790CB2700E79555 /* Preview Assets.xcassets in Resources */,
				22F5D47727921A4800E79555 /* GoogleService-Info.plist in Resources */,
				22F5D4682790CB2700E79555 /* Assets.xcassets in Resources */,
			);
			runOnlyForDeploymentPostprocessing = 0;
		};
/* End PBXResourcesBuildPhase section */

/* Begin PBXSourcesBuildPhase section */
		22F5D45C2790CB2500E79555 /* Sources */ = {
			isa = PBXSourcesBuildPhase;
			buildActionMask = 2147483647;
			files = (
				220BA19A2798A6E70008E482 /* ChatUser.swift in Sources */,
				221EB7F1279F52A2005F0A21 /* ChatLogView.swift in Sources */,
				22F5D47927922E7800E79555 /* ImagePicker.swift in Sources */,
				221EB7F527A1FECD005F0A21 /* ChatMessage.swift in Sources */,
				22F5D48C2796101B00E79555 /* MainMessagesView.swift in Sources */,
				220BA194279775790008E482 /* FirebaseManager.swift in Sources */,
				221EB7F327A1FEA2005F0A21 /* FirebaseConstants.swift in Sources */,
				220BA1B7279A0C0E0008E482 /* CreateNewMessageView.swift in Sources */,
				221EB80027A358EE005F0A21 /* RecentMessage.swift in Sources */,
				22F5D4662790CB2500E79555 /* LoginView.swift in Sources */,
				22F5D4642790CB2500E79555 /* FirebaseChatUIApp.swift in Sources */,
			);
			runOnlyForDeploymentPostprocessing = 0;
		};
/* End PBXSourcesBuildPhase section */

/* Begin XCBuildConfiguration section */
		22F5D46C2790CB2700E79555 /* Debug */ = {
			isa = XCBuildConfiguration;
			buildSettings = {
				ALWAYS_SEARCH_USER_PATHS = NO;
				CLANG_ANALYZER_NONNULL = YES;
				CLANG_ANALYZER_NUMBER_OBJECT_CONVERSION = YES_AGGRESSIVE;
				CLANG_CXX_LANGUAGE_STANDARD = "gnu++17";
				CLANG_CXX_LIBRARY = "libc++";
				CLANG_ENABLE_MODULES = YES;
				CLANG_ENABLE_OBJC_ARC = YES;
				CLANG_ENABLE_OBJC_WEAK = YES;
				CLANG_WARN_BLOCK_CAPTURE_AUTORELEASING = YES;
				CLANG_WARN_BOOL_CONVERSION = YES;
				CLANG_WARN_COMMA = YES;
				CLANG_WARN_CONSTANT_CONVERSION = YES;
				CLANG_WARN_DEPRECATED_OBJC_IMPLEMENTATIONS = YES;
				CLANG_WARN_DIRECT_OBJC_ISA_USAGE = YES_ERROR;
				CLANG_WARN_DOCUMENTATION_COMMENTS = YES;
				CLANG_WARN_EMPTY_BODY = YES;
				CLANG_WARN_ENUM_CONVERSION = YES;
				CLANG_WARN_INFINITE_RECURSION = YES;
				CLANG_WARN_INT_CONVERSION = YES;
				CLANG_WARN_NON_LITERAL_NULL_CONVERSION = YES;
				CLANG_WARN_OBJC_IMPLICIT_RETAIN_SELF = YES;
				CLANG_WARN_OBJC_LITERAL_CONVERSION = YES;
				CLANG_WARN_OBJC_ROOT_CLASS = YES_ERROR;
				CLANG_WARN_QUOTED_INCLUDE_IN_FRAMEWORK_HEADER = YES;
				CLANG_WARN_RANGE_LOOP_ANALYSIS = YES;
				CLANG_WARN_STRICT_PROTOTYPES = YES;
				CLANG_WARN_SUSPICIOUS_MOVE = YES;
				CLANG_WARN_UNGUARDED_AVAILABILITY = YES_AGGRESSIVE;
				CLANG_WARN_UNREACHABLE_CODE = YES;
				CLANG_WARN__DUPLICATE_METHOD_MATCH = YES;
				COPY_PHASE_STRIP = NO;
				DEBUG_INFORMATION_FORMAT = dwarf;
				ENABLE_STRICT_OBJC_MSGSEND = YES;
				ENABLE_TESTABILITY = YES;
				GCC_C_LANGUAGE_STANDARD = gnu11;
				GCC_DYNAMIC_NO_PIC = NO;
				GCC_NO_COMMON_BLOCKS = YES;
				GCC_OPTIMIZATION_LEVEL = 0;
				GCC_PREPROCESSOR_DEFINITIONS = (
					"DEBUG=1",
					"$(inherited)",
				);
				GCC_WARN_64_TO_32_BIT_CONVERSION = YES;
				GCC_WARN_ABOUT_RETURN_TYPE = YES_ERROR;
				GCC_WARN_UNDECLARED_SELECTOR = YES;
				GCC_WARN_UNINITIALIZED_AUTOS = YES_AGGRESSIVE;
				GCC_WARN_UNUSED_FUNCTION = YES;
				GCC_WARN_UNUSED_VARIABLE = YES;
				IPHONEOS_DEPLOYMENT_TARGET = 15.2;
				MTL_ENABLE_DEBUG_INFO = INCLUDE_SOURCE;
				MTL_FAST_MATH = YES;
				ONLY_ACTIVE_ARCH = YES;
				SDKROOT = iphoneos;
				SWIFT_ACTIVE_COMPILATION_CONDITIONS = DEBUG;
				SWIFT_OPTIMIZATION_LEVEL = "-Onone";
			};
			name = Debug;
		};
		22F5D46D2790CB2700E79555 /* Release */ = {
			isa = XCBuildConfiguration;
			buildSettings = {
				ALWAYS_SEARCH_USER_PATHS = NO;
				CLANG_ANALYZER_NONNULL = YES;
				CLANG_ANALYZER_NUMBER_OBJECT_CONVERSION = YES_AGGRESSIVE;
				CLANG_CXX_LANGUAGE_STANDARD = "gnu++17";
				CLANG_CXX_LIBRARY = "libc++";
				CLANG_ENABLE_MODULES = YES;
				CLANG_ENABLE_OBJC_ARC = YES;
				CLANG_ENABLE_OBJC_WEAK = YES;
				CLANG_WARN_BLOCK_CAPTURE_AUTORELEASING = YES;
				CLANG_WARN_BOOL_CONVERSION = YES;
				CLANG_WARN_COMMA = YES;
				CLANG_WARN_CONSTANT_CONVERSION = YES;
				CLANG_WARN_DEPRECATED_OBJC_IMPLEMENTATIONS = YES;
				CLANG_WARN_DIRECT_OBJC_ISA_USAGE = YES_ERROR;
				CLANG_WARN_DOCUMENTATION_COMMENTS = YES;
				CLANG_WARN_EMPTY_BODY = YES;
				CLANG_WARN_ENUM_CONVERSION = YES;
				CLANG_WARN_INFINITE_RECURSION = YES;
				CLANG_WARN_INT_CONVERSION = YES;
				CLANG_WARN_NON_LITERAL_NULL_CONVERSION = YES;
				CLANG_WARN_OBJC_IMPLICIT_RETAIN_SELF = YES;
				CLANG_WARN_OBJC_LITERAL_CONVERSION = YES;
				CLANG_WARN_OBJC_ROOT_CLASS = YES_ERROR;
				CLANG_WARN_QUOTED_INCLUDE_IN_FRAMEWORK_HEADER = YES;
				CLANG_WARN_RANGE_LOOP_ANALYSIS = YES;
				CLANG_WARN_STRICT_PROTOTYPES = YES;
				CLANG_WARN_SUSPICIOUS_MOVE = YES;
				CLANG_WARN_UNGUARDED_AVAILABILITY = YES_AGGRESSIVE;
				CLANG_WARN_UNREACHABLE_CODE = YES;
				CLANG_WARN__DUPLICATE_METHOD_MATCH = YES;
				COPY_PHASE_STRIP = NO;
				DEBUG_INFORMATION_FORMAT = "dwarf-with-dsym";
				ENABLE_NS_ASSERTIONS = NO;
				ENABLE_STRICT_OBJC_MSGSEND = YES;
				GCC_C_LANGUAGE_STANDARD = gnu11;
				GCC_NO_COMMON_BLOCKS = YES;
				GCC_WARN_64_TO_32_BIT_CONVERSION = YES;
				GCC_WARN_ABOUT_RETURN_TYPE = YES_ERROR;
				GCC_WARN_UNDECLARED_SELECTOR = YES;
				GCC_WARN_UNINITIALIZED_AUTOS = YES_AGGRESSIVE;
				GCC_WARN_UNUSED_FUNCTION = YES;
				GCC_WARN_UNUSED_VARIABLE = YES;
				IPHONEOS_DEPLOYMENT_TARGET = 15.2;
				MTL_ENABLE_DEBUG_INFO = NO;
				MTL_FAST_MATH = YES;
				SDKROOT = iphoneos;
				SWIFT_COMPILATION_MODE = wholemodule;
				SWIFT_OPTIMIZATION_LEVEL = "-O";
				VALIDATE_PRODUCT = YES;
			};
			name = Release;
		};
		22F5D46F2790CB2700E79555 /* Debug */ = {
			isa = XCBuildConfiguration;
			buildSettings = {
				ASSETCATALOG_COMPILER_APPICON_NAME = AppIcon;
				ASSETCATALOG_COMPILER_GLOBAL_ACCENT_COLOR_NAME = AccentColor;
				CODE_SIGN_STYLE = Automatic;
				CURRENT_PROJECT_VERSION = 1;
				DEVELOPMENT_ASSET_PATHS = "\"FirebaseChatUI/Preview Content\"";
				DEVELOPMENT_TEAM = 9FMANP6Q86;
				ENABLE_PREVIEWS = YES;
				GENERATE_INFOPLIST_FILE = YES;
				INFOPLIST_KEY_UIApplicationSceneManifest_Generation = YES;
				INFOPLIST_KEY_UIApplicationSupportsIndirectInputEvents = YES;
				INFOPLIST_KEY_UILaunchScreen_Generation = YES;
				INFOPLIST_KEY_UISupportedInterfaceOrientations_iPad = "UIInterfaceOrientationPortrait UIInterfaceOrientationPortraitUpsideDown UIInterfaceOrientationLandscapeLeft UIInterfaceOrientationLandscapeRight";
				INFOPLIST_KEY_UISupportedInterfaceOrientations_iPhone = "UIInterfaceOrientationPortrait UIInterfaceOrientationLandscapeLeft UIInterfaceOrientationLandscapeRight";
				LD_RUNPATH_SEARCH_PATHS = (
					"$(inherited)",
					"@executable_path/Frameworks",
				);
				MARKETING_VERSION = 1.0;
				PRODUCT_BUNDLE_IDENTIFIER = gw123asdfzcx.FirebaseChatUI;
				PRODUCT_NAME = "$(TARGET_NAME)";
				SWIFT_EMIT_LOC_STRINGS = YES;
				SWIFT_VERSION = 5.0;
				TARGETED_DEVICE_FAMILY = "1,2";
			};
			name = Debug;
		};
		22F5D4702790CB2700E79555 /* Release */ = {
			isa = XCBuildConfiguration;
			buildSettings = {
				ASSETCATALOG_COMPILER_APPICON_NAME = AppIcon;
				ASSETCATALOG_COMPILER_GLOBAL_ACCENT_COLOR_NAME = AccentColor;
				CODE_SIGN_STYLE = Automatic;
				CURRENT_PROJECT_VERSION = 1;
				DEVELOPMENT_ASSET_PATHS = "\"FirebaseChatUI/Preview Content\"";
				DEVELOPMENT_TEAM = 9FMANP6Q86;
				ENABLE_PREVIEWS = YES;
				GENERATE_INFOPLIST_FILE = YES;
				INFOPLIST_KEY_UIApplicationSceneManifest_Generation = YES;
				INFOPLIST_KEY_UIApplicationSupportsIndirectInputEvents = YES;
				INFOPLIST_KEY_UILaunchScreen_Generation = YES;
				INFOPLIST_KEY_UISupportedInterfaceOrientations_iPad = "UIInterfaceOrientationPortrait UIInterfaceOrientationPortraitUpsideDown UIInterfaceOrientationLandscapeLeft UIInterfaceOrientationLandscapeRight";
				INFOPLIST_KEY_UISupportedInterfaceOrientations_iPhone = "UIInterfaceOrientationPortrait UIInterfaceOrientationLandscapeLeft UIInterfaceOrientationLandscapeRight";
				LD_RUNPATH_SEARCH_PATHS = (
					"$(inherited)",
					"@executable_path/Frameworks",
				);
				MARKETING_VERSION = 1.0;
				PRODUCT_BUNDLE_IDENTIFIER = gw123asdfzcx.FirebaseChatUI;
				PRODUCT_NAME = "$(TARGET_NAME)";
				SWIFT_EMIT_LOC_STRINGS = YES;
				SWIFT_VERSION = 5.0;
				TARGETED_DEVICE_FAMILY = "1,2";
			};
			name = Release;
		};
/* End XCBuildConfiguration section */

/* Begin XCConfigurationList section */
		22F5D45B2790CB2500E79555 /* Build configuration list for PBXProject "FirebaseChatUI" */ = {
			isa = XCConfigurationList;
			buildConfigurations = (
				22F5D46C2790CB2700E79555 /* Debug */,
				22F5D46D2790CB2700E79555 /* Release */,
			);
			defaultConfigurationIsVisible = 0;
			defaultConfigurationName = Release;
		};
		22F5D46E2790CB2700E79555 /* Build configuration list for PBXNativeTarget "FirebaseChatUI" */ = {
			isa = XCConfigurationList;
			buildConfigurations = (
				22F5D46F2790CB2700E79555 /* Debug */,
				22F5D4702790CB2700E79555 /* Release */,
			);
			defaultConfigurationIsVisible = 0;
			defaultConfigurationName = Release;
		};
/* End XCConfigurationList section */

/* Begin XCRemoteSwiftPackageReference section */
		220BA19527977E430008E482 /* XCRemoteSwiftPackageReference "SDWebImageSwiftUI" */ = {
			isa = XCRemoteSwiftPackageReference;
			repositoryURL = "https://github.com/SDWebImage/SDWebImageSwiftUI";
			requirement = {
				kind = upToNextMajorVersion;
				minimumVersion = 2.0.0;
			};
		};
		221EB7F627A34382005F0A21 /* XCRemoteSwiftPackageReference "firebase-ios-sdk" */ = {
			isa = XCRemoteSwiftPackageReference;
			repositoryURL = "https://github.com/firebase/firebase-ios-sdk.git";
			requirement = {
				kind = upToNextMajorVersion;
				minimumVersion = 8.0.0;
			};
		};
/* End XCRemoteSwiftPackageReference section */

/* Begin XCSwiftPackageProductDependency section */
		220BA19627977E430008E482 /* SDWebImageSwiftUI */ = {
			isa = XCSwiftPackageProductDependency;
			package = 220BA19527977E430008E482 /* XCRemoteSwiftPackageReference "SDWebImageSwiftUI" */;
			productName = SDWebImageSwiftUI;
		};
		221EB7F727A34382005F0A21 /* FirebaseAuth */ = {
			isa = XCSwiftPackageProductDependency;
			package = 221EB7F627A34382005F0A21 /* XCRemoteSwiftPackageReference "firebase-ios-sdk" */;
			productName = FirebaseAuth;
		};
		221EB7F927A34382005F0A21 /* FirebaseFirestore */ = {
			isa = XCSwiftPackageProductDependency;
			package = 221EB7F627A34382005F0A21 /* XCRemoteSwiftPackageReference "firebase-ios-sdk" */;
			productName = FirebaseFirestore;
		};
		221EB7FB27A34382005F0A21 /* FirebaseFirestoreSwift-Beta */ = {
			isa = XCSwiftPackageProductDependency;
			package = 221EB7F627A34382005F0A21 /* XCRemoteSwiftPackageReference "firebase-ios-sdk" */;
			productName = "FirebaseFirestoreSwift-Beta";
		};
		221EB7FD27A34382005F0A21 /* FirebaseStorage */ = {
			isa = XCSwiftPackageProductDependency;
			package = 221EB7F627A34382005F0A21 /* XCRemoteSwiftPackageReference "firebase-ios-sdk" */;
			productName = FirebaseStorage;
		};
/* End XCSwiftPackageProductDependency section */
	};
	rootObject = 22F5D4582790CB2500E79555 /* Project object */;
}
